# DO NOT EDIT MANUALLY - Managed by Fern Replay
version: "1.0"
generations:
  - commit_sha: 91f7bbe9f7ee7067a4469eb330c703b99e862ad9
    tree_hash: b82dd6b29fc7d98c9800f73585d33d8fce29eb60
    timestamp: 2026-07-14T04:31:47.703Z
    cli_version: unknown
    generator_versions: {}
  - commit_sha: bdfbcd63934709dd0401ca078a47ad8b152f7a81
    tree_hash: b02ee52276cbbf3fa0437f77f5c115250c5eb75a
    timestamp: 2026-07-14T04:31:48.188Z
    cli_version: unknown
    generator_versions:
      fernapi/fern-php-sdk: 2.10.4
  - commit_sha: 6ece74607f2b2cb18237ae5f9add68625fd5d032
    tree_hash: e052ff047be21f2ea1b7788df3a198d254ba3f5b
    timestamp: 2026-07-14T15:56:13.688Z
    cli_version: unknown
    generator_versions:
      fernapi/fern-php-sdk: 2.10.4
  - commit_sha: 4c353a13b731a6a780bd33e146b525b2c2995a38
    tree_hash: c47593a3f646a93077f48b9dc88fac0c72d9bdc7
    timestamp: 2026-07-21T07:06:22.542Z
    cli_version: unknown
    generator_versions:
      fernapi/fern-php-sdk: 2.10.4
current_generation: 4c353a13b731a6a780bd33e146b525b2c2995a38
patches: []
