# DO NOT EDIT MANUALLY - Managed by Fern Replay
version: "1.0"
generations:
  - commit_sha: 91f7bbe9f7ee7067a4469eb330c703b99e862ad9
    tree_hash: b82dd6b29fc7d98c9800f73585d33d8fce29eb60
    timestamp: 2026-07-14T04:31:47.703Z
    cli_version: unknown
    generator_versions: {}
current_generation: 91f7bbe9f7ee7067a4469eb330c703b99e862ad9
patches: []
