{
    "_readme": [
        "This file locks the dependencies of your project to a known state",
        "Read more about it at http://getcomposer.org/doc/01-basic-usage.md#composer-lock-the-lock-file",
        "This file is @generated automatically"
    ],
    "hash": "3340092643c3240e7d0a02575116e5ba",
    "packages": [
        {
            "name": "adoy/oauth2",
            "version": "dev-master",
            "source": {
                "type": "git",
                "url": "https://github.com/adoy/PHP-OAuth2.git",
                "reference": "27c0d7f65e25074ce1c4a916c798db3a29c85e9d"
            },
            "dist": {
                "type": "zip",
                "url": "https://api.github.com/repos/adoy/PHP-OAuth2/zipball/27c0d7f65e25074ce1c4a916c798db3a29c85e9d",
                "reference": "27c0d7f65e25074ce1c4a916c798db3a29c85e9d",
                "shasum": ""
            },
            "require": {
                "php": ">=5.3.0"
            },
            "type": "library",
            "autoload": {
                "psr-0": {
                    "OAuth2": "src/"
                }
            },
            "notification-url": "https://packagist.org/downloads/",
            "license": [
                "LGPL-2.1"
            ],
            "authors": [
                {
                    "name": "Pierrick Charron",
                    "email": "pierrick@webstart.fr"
                },
                {
                    "name": "Berejeb Anis",
                    "email": "anis.berejeb@gmail.com"
                }
            ],
            "description": "Light PHP wrapper for the OAuth 2.0 protocol (based on OAuth 2.0 Authorization Protocol draft-ietf-oauth-v2-15)",
            "time": "2014-03-07 16:05:00"
        },
        {
            "name": "auth0/auth0-php",
            "version": "0.6.6",
            "source": {
                "type": "git",
                "url": "https://github.com/auth0/Auth0-PHP.git",
                "reference": "638f032fe38691da3c7ce9276040d045d40116ce"
            },
            "dist": {
                "type": "zip",
                "url": "https://api.github.com/repos/auth0/Auth0-PHP/zipball/638f032fe38691da3c7ce9276040d045d40116ce",
                "reference": "638f032fe38691da3c7ce9276040d045d40116ce",
                "shasum": ""
            },
            "require": {
                "adoy/oauth2": "dev-master",
                "ext-curl": "*",
                "ext-json": "*",
                "php": ">=5.3.0"
            },
            "type": "library",
            "autoload": {
                "classmap": [
                    "src"
                ]
            },
            "notification-url": "https://packagist.org/downloads/",
            "license": [
                "MIT"
            ],
            "authors": [
                {
                    "name": "Auth0",
                    "email": "support@auth0.com",
                    "homepage": "http://www.auth0.com/"
                }
            ],
            "description": "Auth0 PHP SDK.",
            "time": "2014-04-14 21:25:24"
        },
        {
            "name": "vlucas/phpdotenv",
            "version": "dev-master",
            "source": {
                "type": "git",
                "url": "https://github.com/vlucas/phpdotenv.git",
                "reference": "a6d7d9778975100460a24395f8b5175024e14a54"
            },
            "dist": {
                "type": "zip",
                "url": "https://api.github.com/repos/vlucas/phpdotenv/zipball/a6d7d9778975100460a24395f8b5175024e14a54",
                "reference": "a6d7d9778975100460a24395f8b5175024e14a54",
                "shasum": ""
            },
            "require": {
                "php": ">=5.3.2"
            },
            "require-dev": {
                "phpunit/phpunit": "*"
            },
            "type": "library",
            "autoload": {
                "psr-0": {
                    "Dotenv": "src/"
                }
            },
            "notification-url": "https://packagist.org/downloads/",
            "license": [
                "BSD"
            ],
            "authors": [
                {
                    "name": "Vance Lucas",
                    "email": "vance@vancelucas.com",
                    "homepage": "http://www.vancelucas.com",
                    "role": "Developer"
                }
            ],
            "description": "Loads environment variables from `.env` to `getenv()`, `$_ENV` and `$_SERVER` automagically.",
            "homepage": "http://github.com/vlucas/phpdotenv",
            "keywords": [
                "dotenv",
                "env",
                "environment"
            ],
            "time": "2014-04-04 15:06:45"
        }
    ],
    "packages-dev": [],
    "aliases": [],
    "minimum-stability": "stable",
    "stability-flags": {
        "adoy/oauth2": 20,
        "vlucas/phpdotenv": 20
    },
    "prefer-stable": false,
    "platform": [],
    "platform-dev": []
}
